
Microsoft Visual Studio Solution File, Format Version 12.00
# Visual Studio Version 16
VisualStudioVersion = 16.0.30114.105
MinimumVisualStudioVersion = 10.0.40219.1
Project("{9A19103F-16F7-4668-BE54-9A1E7A4F7556}") = "Models", "Models\Models.csproj", "{7A18D7F3-EC9B-476C-9FAC-521383751173}"
EndProject
Project("{FAE04EC0-301F-11D3-BF4B-00C04F79EFBC}") = "BL", "BL\BL.csproj", "{93588CBF-E4D1-487F-A31F-A9D2AFC47614}"
EndProject
Global
<<<<<<< HEAD
=======
	GlobalSection(SolutionConfigurationPlatforms) = preSolution
		Debug|Any CPU = Debug|Any CPU
		Debug|x64 = Debug|x64
		Debug|x86 = Debug|x86
		Release|Any CPU = Release|Any CPU
		Release|x64 = Release|x64
		Release|x86 = Release|x86
	EndGlobalSection
	GlobalSection(ProjectConfigurationPlatforms) = postSolution
		{7A18D7F3-EC9B-476C-9FAC-521383751173}.Debug|Any CPU.ActiveCfg = Debug|Any CPU
		{7A18D7F3-EC9B-476C-9FAC-521383751173}.Debug|Any CPU.Build.0 = Debug|Any CPU
		{7A18D7F3-EC9B-476C-9FAC-521383751173}.Debug|x64.ActiveCfg = Debug|Any CPU
		{7A18D7F3-EC9B-476C-9FAC-521383751173}.Debug|x64.Build.0 = Debug|Any CPU
		{7A18D7F3-EC9B-476C-9FAC-521383751173}.Debug|x86.ActiveCfg = Debug|Any CPU
		{7A18D7F3-EC9B-476C-9FAC-521383751173}.Debug|x86.Build.0 = Debug|Any CPU
		{7A18D7F3-EC9B-476C-9FAC-521383751173}.Release|Any CPU.ActiveCfg = Release|Any CPU
		{7A18D7F3-EC9B-476C-9FAC-521383751173}.Release|Any CPU.Build.0 = Release|Any CPU
		{7A18D7F3-EC9B-476C-9FAC-521383751173}.Release|x64.ActiveCfg = Release|Any CPU
		{7A18D7F3-EC9B-476C-9FAC-521383751173}.Release|x64.Build.0 = Release|Any CPU
		{7A18D7F3-EC9B-476C-9FAC-521383751173}.Release|x86.ActiveCfg = Release|Any CPU
		{7A18D7F3-EC9B-476C-9FAC-521383751173}.Release|x86.Build.0 = Release|Any CPU
		{93588CBF-E4D1-487F-A31F-A9D2AFC47614}.Debug|Any CPU.ActiveCfg = Debug|Any CPU
		{93588CBF-E4D1-487F-A31F-A9D2AFC47614}.Debug|Any CPU.Build.0 = Debug|Any CPU
		{93588CBF-E4D1-487F-A31F-A9D2AFC47614}.Debug|x64.ActiveCfg = Debug|Any CPU
		{93588CBF-E4D1-487F-A31F-A9D2AFC47614}.Debug|x64.Build.0 = Debug|Any CPU
		{93588CBF-E4D1-487F-A31F-A9D2AFC47614}.Debug|x86.ActiveCfg = Debug|Any CPU
		{93588CBF-E4D1-487F-A31F-A9D2AFC47614}.Debug|x86.Build.0 = Debug|Any CPU
		{93588CBF-E4D1-487F-A31F-A9D2AFC47614}.Release|Any CPU.ActiveCfg = Release|Any CPU
		{93588CBF-E4D1-487F-A31F-A9D2AFC47614}.Release|Any CPU.Build.0 = Release|Any CPU
		{93588CBF-E4D1-487F-A31F-A9D2AFC47614}.Release|x64.ActiveCfg = Release|Any CPU
		{93588CBF-E4D1-487F-A31F-A9D2AFC47614}.Release|x64.Build.0 = Release|Any CPU
		{93588CBF-E4D1-487F-A31F-A9D2AFC47614}.Release|x86.ActiveCfg = Release|Any CPU
		{93588CBF-E4D1-487F-A31F-A9D2AFC47614}.Release|x86.Build.0 = Release|Any CPU
	EndGlobalSection
>>>>>>> b00a0b26b8b6ec16b9c96ac1096913c8b3b95946
	GlobalSection(SolutionProperties) = preSolution
		HideSolutionNode = FALSE
	EndGlobalSection
	GlobalSection(ExtensibilityGlobals) = postSolution
<<<<<<< HEAD
		SolutionGuid = {5B7232A0-60B8-44F6-B83B-A75109281473}
=======
		SolutionGuid = {49C33F20-1FCE-4926-8137-3817CEF17E42}
>>>>>>> b00a0b26b8b6ec16b9c96ac1096913c8b3b95946
	EndGlobalSection
EndGlobal
